
Microsoft Visual Studio Solution File, Format Version 12.00
# Visual Studio Version 16
VisualStudioVersion = 16.0.31321.278
MinimumVisualStudioVersion = 10.0.40219.1
Project("{9A19103F-16F7-4668-BE54-9A1E7A4F7556}") = "TianSmth", "TianSmth\TianSmth.csproj", "{7A035E43-FD9E-4E18-B300-89038976A71A}"
EndProject
Project("{FAE04EC0-301F-11D3-BF4B-00C04F79EFBC}") = "TianSmth.Android", "TianSmth.Android\TianSmth.Android.csproj", "{F71DD7F6-2363-4C11-9732-F3FA7527AE88}"
EndProject
Project("{FAE04EC0-301F-11D3-BF4B-00C04F79EFBC}") = "TianSmth.iOS", "TianSmth.iOS\TianSmth.iOS.csproj", "{CB0E5AF4-C289-434E-B9AC-6AB028120888}"
EndProject
Global
	GlobalSection(SolutionConfigurationPlatforms) = preSolution
		Debug|Any CPU = Debug|Any CPU
		Debug|iPhone = Debug|iPhone
		Debug|iPhoneSimulator = Debug|iPhoneSimulator
		Release|Any CPU = Release|Any CPU
		Release|iPhone = Release|iPhone
		Release|iPhoneSimulator = Release|iPhoneSimulator
	EndGlobalSection
	GlobalSection(ProjectConfigurationPlatforms) = postSolution
		{7A035E43-FD9E-4E18-B300-89038976A71A}.Debug|Any CPU.ActiveCfg = Debug|Any CPU
		{7A035E43-FD9E-4E18-B300-89038976A71A}.Debug|Any CPU.Build.0 = Debug|Any CPU
		{7A035E43-FD9E-4E18-B300-89038976A71A}.Debug|iPhone.ActiveCfg = Debug|Any CPU
		{7A035E43-FD9E-4E18-B300-89038976A71A}.Debug|iPhone.Build.0 = Debug|Any CPU
		{7A035E43-FD9E-4E18-B300-89038976A71A}.Debug|iPhoneSimulator.ActiveCfg = Debug|Any CPU
		{7A035E43-FD9E-4E18-B300-89038976A71A}.Debug|iPhoneSimulator.Build.0 = Debug|Any CPU
		{7A035E43-FD9E-4E18-B300-89038976A71A}.Release|Any CPU.ActiveCfg = Release|Any CPU
		{7A035E43-FD9E-4E18-B300-89038976A71A}.Release|Any CPU.Build.0 = Release|Any CPU
		{7A035E43-FD9E-4E18-B300-89038976A71A}.Release|iPhone.ActiveCfg = Release|Any CPU
		{7A035E43-FD9E-4E18-B300-89038976A71A}.Release|iPhone.Build.0 = Release|Any CPU
		{7A035E43-FD9E-4E18-B300-89038976A71A}.Release|iPhoneSimulator.ActiveCfg = Release|Any CPU
		{7A035E43-FD9E-4E18-B300-89038976A71A}.Release|iPhoneSimulator.Build.0 = Release|Any CPU
		{F71DD7F6-2363-4C11-9732-F3FA7527AE88}.Debug|Any CPU.ActiveCfg = Debug|Any CPU
		{F71DD7F6-2363-4C11-9732-F3FA7527AE88}.Debug|Any CPU.Build.0 = Debug|Any CPU
		{F71DD7F6-2363-4C11-9732-F3FA7527AE88}.Debug|Any CPU.Deploy.0 = Debug|Any CPU
		{F71DD7F6-2363-4C11-9732-F3FA7527AE88}.Debug|iPhone.ActiveCfg = Debug|Any CPU
		{F71DD7F6-2363-4C11-9732-F3FA7527AE88}.Debug|iPhone.Build.0 = Debug|Any CPU
		{F71DD7F6-2363-4C11-9732-F3FA7527AE88}.Debug|iPhone.Deploy.0 = Debug|Any CPU
		{F71DD7F6-2363-4C11-9732-F3FA7527AE88}.Debug|iPhoneSimulator.ActiveCfg = Debug|Any CPU
		{F71DD7F6-2363-4C11-9732-F3FA7527AE88}.Debug|iPhoneSimulator.Build.0 = Debug|Any CPU
		{F71DD7F6-2363-4C11-9732-F3FA7527AE88}.Debug|iPhoneSimulator.Deploy.0 = Debug|Any CPU
		{F71DD7F6-2363-4C11-9732-F3FA7527AE88}.Release|Any CPU.ActiveCfg = Release|Any CPU
		{F71DD7F6-2363-4C11-9732-F3FA7527AE88}.Release|Any CPU.Build.0 = Release|Any CPU
		{F71DD7F6-2363-4C11-9732-F3FA7527AE88}.Release|Any CPU.Deploy.0 = Release|Any CPU
		{F71DD7F6-2363-4C11-9732-F3FA7527AE88}.Release|iPhone.ActiveCfg = Release|Any CPU
		{F71DD7F6-2363-4C11-9732-F3FA7527AE88}.Release|iPhone.Build.0 = Release|Any CPU
		{F71DD7F6-2363-4C11-9732-F3FA7527AE88}.Release|iPhone.Deploy.0 = Release|Any CPU
		{F71DD7F6-2363-4C11-9732-F3FA7527AE88}.Release|iPhoneSimulator.ActiveCfg = Release|Any CPU
		{F71DD7F6-2363-4C11-9732-F3FA7527AE88}.Release|iPhoneSimulator.Build.0 = Release|Any CPU
		{F71DD7F6-2363-4C11-9732-F3FA7527AE88}.Release|iPhoneSimulator.Deploy.0 = Release|Any CPU
		{CB0E5AF4-C289-434E-B9AC-6AB028120888}.Debug|Any CPU.ActiveCfg = Debug|iPhoneSimulator
		{CB0E5AF4-C289-434E-B9AC-6AB028120888}.Debug|iPhone.ActiveCfg = Debug|iPhone
		{CB0E5AF4-C289-434E-B9AC-6AB028120888}.Debug|iPhone.Build.0 = Debug|iPhone
		{CB0E5AF4-C289-434E-B9AC-6AB028120888}.Debug|iPhoneSimulator.ActiveCfg = Debug|iPhoneSimulator
		{CB0E5AF4-C289-434E-B9AC-6AB028120888}.Debug|iPhoneSimulator.Build.0 = Debug|iPhoneSimulator
		{CB0E5AF4-C289-434E-B9AC-6AB028120888}.Release|Any CPU.ActiveCfg = Release|iPhoneSimulator
		{CB0E5AF4-C289-434E-B9AC-6AB028120888}.Release|iPhone.ActiveCfg = Release|iPhone
		{CB0E5AF4-C289-434E-B9AC-6AB028120888}.Release|iPhone.Build.0 = Release|iPhone
		{CB0E5AF4-C289-434E-B9AC-6AB028120888}.Release|iPhoneSimulator.ActiveCfg = Release|iPhoneSimulator
		{CB0E5AF4-C289-434E-B9AC-6AB028120888}.Release|iPhoneSimulator.Build.0 = Release|iPhoneSimulator
	EndGlobalSection
	GlobalSection(SolutionProperties) = preSolution
		HideSolutionNode = FALSE
	EndGlobalSection
	GlobalSection(ExtensibilityGlobals) = postSolution
		SolutionGuid = {14E1BFEB-A63F-4E8B-9724-F792B6C6D069}
	EndGlobalSection
EndGlobal
